
Microsoft Visual Studio Solution File, Format Version 12.00
# Visual Studio Version 16
VisualStudioVersion = 16.0.30330.147
MinimumVisualStudioVersion = 10.0.40219.1
Project("{FAE04EC0-301F-11D3-BF4B-00C04F79EFBC}") = "VacancyInfo", "VacancyInfo\VacancyInfo.csproj", "{F5B58E32-8F4D-4CE6-9DE2-B0F0AAFCCD74}"
EndProject
Global
	GlobalSection(SolutionConfigurationPlatforms) = preSolution
		Debug|Any CPU = Debug|Any CPU
		Release|Any CPU = Release|Any CPU
	EndGlobalSection
	GlobalSection(ProjectConfigurationPlatforms) = postSolution
		{F5B58E32-8F4D-4CE6-9DE2-B0F0AAFCCD74}.Debug|Any CPU.ActiveCfg = Debug|Any CPU
		{F5B58E32-8F4D-4CE6-9DE2-B0F0AAFCCD74}.Debug|Any CPU.Build.0 = Debug|Any CPU
		{F5B58E32-8F4D-4CE6-9DE2-B0F0AAFCCD74}.Release|Any CPU.ActiveCfg = Release|Any CPU
		{F5B58E32-8F4D-4CE6-9DE2-B0F0AAFCCD74}.Release|Any CPU.Build.0 = Release|Any CPU
	EndGlobalSection
	GlobalSection(SolutionProperties) = preSolution
		HideSolutionNode = FALSE
	EndGlobalSection
	GlobalSection(ExtensibilityGlobals) = postSolution
		SolutionGuid = {D7937409-969D-49E4-8472-905A664A6CBA}
	EndGlobalSection
EndGlobal
